// !$*UTF8*$!
{
	archiveVersion = 1;
	classes = {
	};
	objectVersion = 51;
	objects = {

/* Begin PBXBuildFile section */
		3944969E35A1EB5D242B502E /* Pods_ProjectWeidlinger.framework in Frameworks */ = {isa = PBXBuildFile; fileRef = B4085FDB00029631EE9C0CDA /* Pods_ProjectWeidlinger.framework */; };
		7626224D2685C8A8002865F1 /* AddTaskViewController.swift in Sources */ = {isa = PBXBuildFile; fileRef = 7626224C2685C8A8002865F1 /* AddTaskViewController.swift */; };
		76762A9E26873B10001BEF24 /* ChangePasswordViewController.swift in Sources */ = {isa = PBXBuildFile; fileRef = 76762A9D26873B10001BEF24 /* ChangePasswordViewController.swift */; };
		76762AA02687AB0A001BEF24 /* SettingsViewController.swift in Sources */ = {isa = PBXBuildFile; fileRef = 76762A9F2687AB0A001BEF24 /* SettingsViewController.swift */; };
		76762AA22687B697001BEF24 /* SectionColorViewController.swift in Sources */ = {isa = PBXBuildFile; fileRef = 76762AA12687B697001BEF24 /* SectionColorViewController.swift */; };
		76762AA42687C6AA001BEF24 /* HomeNavigationController.swift in Sources */ = {isa = PBXBuildFile; fileRef = 76762AA32687C6AA001BEF24 /* HomeNavigationController.swift */; };
		7677009926808ACE002B5383 /* AppDelegate.swift in Sources */ = {isa = PBXBuildFile; fileRef = 7677009826808ACE002B5383 /* AppDelegate.swift */; };
		7677009B26808ACE002B5383 /* SceneDelegate.swift in Sources */ = {isa = PBXBuildFile; fileRef = 7677009A26808ACE002B5383 /* SceneDelegate.swift */; };
		767700A026808ACE002B5383 /* Main.storyboard in Resources */ = {isa = PBXBuildFile; fileRef = 7677009E26808ACE002B5383 /* Main.storyboard */; };
		767700A226808ACF002B5383 /* Assets.xcassets in Resources */ = {isa = PBXBuildFile; fileRef = 767700A126808ACF002B5383 /* Assets.xcassets */; };
		767700A526808ACF002B5383 /* LaunchScreen.storyboard in Resources */ = {isa = PBXBuildFile; fileRef = 767700A326808ACF002B5383 /* LaunchScreen.storyboard */; };
		767700AE2681CC18002B5383 /* LoginViewController.swift in Sources */ = {isa = PBXBuildFile; fileRef = 767700AD2681CC18002B5383 /* LoginViewController.swift */; };
		767700B02681CC25002B5383 /* SignUpViewController.swift in Sources */ = {isa = PBXBuildFile; fileRef = 767700AF2681CC25002B5383 /* SignUpViewController.swift */; };
		767700B22681CC44002B5383 /* HomeTableViewController.swift in Sources */ = {isa = PBXBuildFile; fileRef = 767700B12681CC44002B5383 /* HomeTableViewController.swift */; };
		767700B42681EF76002B5383 /* GoogleService-Info.plist in Resources */ = {isa = PBXBuildFile; fileRef = 767700B32681EF76002B5383 /* GoogleService-Info.plist */; };
		76EAEDF8268685A700B1F0E6 /* CheerMeUpViewController.swift in Sources */ = {isa = PBXBuildFile; fileRef = 76EAEDF7268685A700B1F0E6 /* CheerMeUpViewController.swift */; };
/* End PBXBuildFile section */

/* Begin PBXFileReference section */
		48E5F964A46BE58C79F2137C /* Pods-ProjectWeidlinger.release.xcconfig */ = {isa = PBXFileReference; includeInIndex = 1; lastKnownFileType = text.xcconfig; name = "Pods-ProjectWeidlinger.release.xcconfig"; path = "Target Support Files/Pods-ProjectWeidlinger/Pods-ProjectWeidlinger.release.xcconfig"; sourceTree = "<group>"; };
		7626224C2685C8A8002865F1 /* AddTaskViewController.swift */ = {isa = PBXFileReference; lastKnownFileType = sourcecode.swift; path = AddTaskViewController.swift; sourceTree = "<group>"; };
		76762A9D26873B10001BEF24 /* ChangePasswordViewController.swift */ = {isa = PBXFileReference; fileEncoding = 4; lastKnownFileType = sourcecode.swift; path = ChangePasswordViewController.swift; sourceTree = "<group>"; };
		76762A9F2687AB0A001BEF24 /* SettingsViewController.swift */ = {isa = PBXFileReference; lastKnownFileType = sourcecode.swift; path = SettingsViewController.swift; sourceTree = "<group>"; };
		76762AA12687B697001BEF24 /* SectionColorViewController.swift */ = {isa = PBXFileReference; lastKnownFileType = sourcecode.swift; path = SectionColorViewController.swift; sourceTree = "<group>"; };
		76762AA32687C6AA001BEF24 /* HomeNavigationController.swift */ = {isa = PBXFileReference; lastKnownFileType = sourcecode.swift; path = HomeNavigationController.swift; sourceTree = "<group>"; };
		7677009526808ACE002B5383 /* ProjectWeidlinger.app */ = {isa = PBXFileReference; explicitFileType = wrapper.application; includeInIndex = 0; path = ProjectWeidlinger.app; sourceTree = BUILT_PRODUCTS_DIR; };
		7677009826808ACE002B5383 /* AppDelegate.swift */ = {isa = PBXFileReference; lastKnownFileType = sourcecode.swift; path = AppDelegate.swift; sourceTree = "<group>"; };
		7677009A26808ACE002B5383 /* SceneDelegate.swift */ = {isa = PBXFileReference; lastKnownFileType = sourcecode.swift; path = SceneDelegate.swift; sourceTree = "<group>"; };
		7677009F26808ACE002B5383 /* Base */ = {isa = PBXFileReference; lastKnownFileType = file.storyboard; name = Base; path = Base.lproj/Main.storyboard; sourceTree = "<group>"; };
		767700A126808ACF002B5383 /* Assets.xcassets */ = {isa = PBXFileReference; lastKnownFileType = folder.assetcatalog; path = Assets.xcassets; sourceTree = "<group>"; };
		767700A426808ACF002B5383 /* Base */ = {isa = PBXFileReference; lastKnownFileType = file.storyboard; name = Base; path = Base.lproj/LaunchScreen.storyboard; sourceTree = "<group>"; };
		767700A626808ACF002B5383 /* Info.plist */ = {isa = PBXFileReference; lastKnownFileType = text.plist.xml; path = Info.plist; sourceTree = "<group>"; };
		767700AD2681CC18002B5383 /* LoginViewController.swift */ = {isa = PBXFileReference; lastKnownFileType = sourcecode.swift; name = LoginViewController.swift; path = ProjectWeidlinger/LoginViewController.swift; sourceTree = SOURCE_ROOT; };
		767700AF2681CC25002B5383 /* SignUpViewController.swift */ = {isa = PBXFileReference; lastKnownFileType = sourcecode.swift; path = SignUpViewController.swift; sourceTree = "<group>"; };
		767700B12681CC44002B5383 /* HomeTableViewController.swift */ = {isa = PBXFileReference; lastKnownFileType = sourcecode.swift; path = HomeTableViewController.swift; sourceTree = "<group>"; };
		767700B32681EF76002B5383 /* GoogleService-Info.plist */ = {isa = PBXFileReference; fileEncoding = 4; lastKnownFileType = text.plist.xml; path = "GoogleService-Info.plist"; sourceTree = "<group>"; };
		76EAEDF7268685A700B1F0E6 /* CheerMeUpViewController.swift */ = {isa = PBXFileReference; lastKnownFileType = sourcecode.swift; path = CheerMeUpViewController.swift; sourceTree = "<group>"; };
		940F6438D815E96D681104BD /* Pods-ProjectWeidlinger.debug.xcconfig */ = {isa = PBXFileReference; includeInIndex = 1; lastKnownFileType = text.xcconfig; name = "Pods-ProjectWeidlinger.debug.xcconfig"; path = "Target Support Files/Pods-ProjectWeidlinger/Pods-ProjectWeidlinger.debug.xcconfig"; sourceTree = "<group>"; };
		B4085FDB00029631EE9C0CDA /* Pods_ProjectWeidlinger.framework */ = {isa = PBXFileReference; explicitFileType = wrapper.framework; includeInIndex = 0; path = Pods_ProjectWeidlinger.framework; sourceTree = BUILT_PRODUCTS_DIR; };
/* End PBXFileReference section */

/* Begin PBXFrameworksBuildPhase section */
		7677009226808ACE002B5383 /* Frameworks */ = {
			isa = PBXFrameworksBuildPhase;
			buildActionMask = 2147483647;
			files = (
				3944969E35A1EB5D242B502E /* Pods_ProjectWeidlinger.framework in Frameworks */,
			);
			runOnlyForDeploymentPostprocessing = 0;
		};
/* End PBXFrameworksBuildPhase section */

/* Begin PBXGroup section */
		45EA384F5575E01FB81C948B /* Frameworks */ = {
			isa = PBXGroup;
			children = (
				B4085FDB00029631EE9C0CDA /* Pods_ProjectWeidlinger.framework */,
			);
			name = Frameworks;
			sourceTree = "<group>";
		};
		7677008C26808ACE002B5383 = {
			isa = PBXGroup;
			children = (
				7677009726808ACE002B5383 /* ProjectWeidlinger */,
				7677009626808ACE002B5383 /* Products */,
				CE53846AD54214F002B0FF52 /* Pods */,
				45EA384F5575E01FB81C948B /* Frameworks */,
			);
			sourceTree = "<group>";
		};
		7677009626808ACE002B5383 /* Products */ = {
			isa = PBXGroup;
			children = (
				7677009526808ACE002B5383 /* ProjectWeidlinger.app */,
			);
			name = Products;
			sourceTree = "<group>";
		};
		7677009726808ACE002B5383 /* ProjectWeidlinger */ = {
			isa = PBXGroup;
			children = (
				767700AC2681CBB3002B5383 /* ViewController */,
				7677009826808ACE002B5383 /* AppDelegate.swift */,
				7677009A26808ACE002B5383 /* SceneDelegate.swift */,
				7677009E26808ACE002B5383 /* Main.storyboard */,
				767700A126808ACF002B5383 /* Assets.xcassets */,
				767700A326808ACF002B5383 /* LaunchScreen.storyboard */,
				767700A626808ACF002B5383 /* Info.plist */,
				767700B32681EF76002B5383 /* GoogleService-Info.plist */,
			);
			path = ProjectWeidlinger;
			sourceTree = "<group>";
		};
		767700AC2681CBB3002B5383 /* ViewController */ = {
			isa = PBXGroup;
			children = (
				76762A9D26873B10001BEF24 /* ChangePasswordViewController.swift */,
				767700AD2681CC18002B5383 /* LoginViewController.swift */,
				767700AF2681CC25002B5383 /* SignUpViewController.swift */,
				767700B12681CC44002B5383 /* HomeTableViewController.swift */,
				7626224C2685C8A8002865F1 /* AddTaskViewController.swift */,
				76EAEDF7268685A700B1F0E6 /* CheerMeUpViewController.swift */,
				76762A9F2687AB0A001BEF24 /* SettingsViewController.swift */,
				76762AA12687B697001BEF24 /* SectionColorViewController.swift */,
				76762AA32687C6AA001BEF24 /* HomeNavigationController.swift */,
			);
			path = ViewController;
			sourceTree = "<group>";
		};
		CE53846AD54214F002B0FF52 /* Pods */ = {
			isa = PBXGroup;
			children = (
				940F6438D815E96D681104BD /* Pods-ProjectWeidlinger.debug.xcconfig */,
				48E5F964A46BE58C79F2137C /* Pods-ProjectWeidlinger.release.xcconfig */,
			);
			path = Pods;
			sourceTree = "<group>";
		};
/* End PBXGroup section */

/* Begin PBXNativeTarget section */
		7677009426808ACE002B5383 /* ProjectWeidlinger */ = {
			isa = PBXNativeTarget;
			buildConfigurationList = 767700A926808ACF002B5383 /* Build configuration list for PBXNativeTarget "ProjectWeidlinger" */;
			buildPhases = (
				25313633B69927C9552C4837 /* [CP] Check Pods Manifest.lock */,
				7677009126808ACE002B5383 /* Sources */,
				7677009226808ACE002B5383 /* Frameworks */,
				7677009326808ACE002B5383 /* Resources */,
				07AD66327A9B2DF6F0A7FBF7 /* [CP] Embed Pods Frameworks */,
			);
			buildRules = (
			);
			dependencies = (
			);
			name = ProjectWeidlinger;
			productName = ProjectWeidlinger;
			productReference = 7677009526808ACE002B5383 /* ProjectWeidlinger.app */;
			productType = "com.apple.product-type.application";
		};
/* End PBXNativeTarget section */

/* Begin PBXProject section */
		7677008D26808ACE002B5383 /* Project object */ = {
			isa = PBXProject;
			attributes = {
				LastSwiftUpdateCheck = 1250;
				LastUpgradeCheck = 1250;
				TargetAttributes = {
					7677009426808ACE002B5383 = {
						CreatedOnToolsVersion = 12.5;
					};
				};
			};
			buildConfigurationList = 7677009026808ACE002B5383 /* Build configuration list for PBXProject "ProjectWeidlinger" */;
			compatibilityVersion = "Xcode 9.3";
			developmentRegion = en;
			hasScannedForEncodings = 0;
			knownRegions = (
				en,
				Base,
			);
			mainGroup = 7677008C26808ACE002B5383;
			productRefGroup = 7677009626808ACE002B5383 /* Products */;
			projectDirPath = "";
			projectRoot = "";
			targets = (
				7677009426808ACE002B5383 /* ProjectWeidlinger */,
			);
		};
/* End PBXProject section */

/* Begin PBXResourcesBuildPhase section */
		7677009326808ACE002B5383 /* Resources */ = {
			isa = PBXResourcesBuildPhase;
			buildActionMask = 2147483647;
			files = (
				767700A526808ACF002B5383 /* LaunchScreen.storyboard in Resources */,
				767700B42681EF76002B5383 /* GoogleService-Info.plist in Resources */,
				767700A226808ACF002B5383 /* Assets.xcassets in Resources */,
				767700A026808ACE002B5383 /* Main.storyboard in Resources */,
			);
			runOnlyForDeploymentPostprocessing = 0;
		};
/* End PBXResourcesBuildPhase section */

/* Begin PBXShellScriptBuildPhase section */
		07AD66327A9B2DF6F0A7FBF7 /* [CP] Embed Pods Frameworks */ = {
			isa = PBXShellScriptBuildPhase;
			buildActionMask = 2147483647;
			files = (
			);
			inputFileListPaths = (
				"${PODS_ROOT}/Target Support Files/Pods-ProjectWeidlinger/Pods-ProjectWeidlinger-frameworks-${CONFIGURATION}-input-files.xcfilelist",
			);
			name = "[CP] Embed Pods Frameworks";
			outputFileListPaths = (
				"${PODS_ROOT}/Target Support Files/Pods-ProjectWeidlinger/Pods-ProjectWeidlinger-frameworks-${CONFIGURATION}-output-files.xcfilelist",
			);
			runOnlyForDeploymentPostprocessing = 0;
			shellPath = /bin/sh;
			shellScript = "\"${PODS_ROOT}/Target Support Files/Pods-ProjectWeidlinger/Pods-ProjectWeidlinger-frameworks.sh\"\n";
			showEnvVarsInLog = 0;
		};
		25313633B69927C9552C4837 /* [CP] Check Pods Manifest.lock */ = {
			isa = PBXShellScriptBuildPhase;
			buildActionMask = 2147483647;
			files = (
			);
			inputFileListPaths = (
			);
			inputPaths = (
				"${PODS_PODFILE_DIR_PATH}/Podfile.lock",
				"${PODS_ROOT}/Manifest.lock",
			);
			name = "[CP] Check Pods Manifest.lock";
			outputFileListPaths = (
			);
			outputPaths = (
				"$(DERIVED_FILE_DIR)/Pods-ProjectWeidlinger-checkManifestLockResult.txt",
			);
			runOnlyForDeploymentPostprocessing = 0;
			shellPath = /bin/sh;
			shellScript = "diff \"${PODS_PODFILE_DIR_PATH}/Podfile.lock\" \"${PODS_ROOT}/Manifest.lock\" > /dev/null\nif [ $? != 0 ] ; then\n    # print error to STDERR\n    echo \"error: The sandbox is not in sync with the Podfile.lock. Run 'pod install' or update your CocoaPods installation.\" >&2\n    exit 1\nfi\n# This output is used by Xcode 'outputs' to avoid re-running this script phase.\necho \"SUCCESS\" > \"${SCRIPT_OUTPUT_FILE_0}\"\n";
			showEnvVarsInLog = 0;
		};
/* End PBXShellScriptBuildPhase section */

/* Begin PBXSourcesBuildPhase section */
		7677009126808ACE002B5383 /* Sources */ = {
			isa = PBXSourcesBuildPhase;
			buildActionMask = 2147483647;
			files = (
				767700B22681CC44002B5383 /* HomeTableViewController.swift in Sources */,
				767700AE2681CC18002B5383 /* LoginViewController.swift in Sources */,
				7677009926808ACE002B5383 /* AppDelegate.swift in Sources */,
				76762AA02687AB0A001BEF24 /* SettingsViewController.swift in Sources */,
				76762A9E26873B10001BEF24 /* ChangePasswordViewController.swift in Sources */,
				76762AA42687C6AA001BEF24 /* HomeNavigationController.swift in Sources */,
				7677009B26808ACE002B5383 /* SceneDelegate.swift in Sources */,
				76EAEDF8268685A700B1F0E6 /* CheerMeUpViewController.swift in Sources */,
				767700B02681CC25002B5383 /* SignUpViewController.swift in Sources */,
				7626224D2685C8A8002865F1 /* AddTaskViewController.swift in Sources */,
				76762AA22687B697001BEF24 /* SectionColorViewController.swift in Sources */,
			);
			runOnlyForDeploymentPostprocessing = 0;
		};
/* End PBXSourcesBuildPhase section */

/* Begin PBXVariantGroup section */
		7677009E26808ACE002B5383 /* Main.storyboard */ = {
			isa = PBXVariantGroup;
			children = (
				7677009F26808ACE002B5383 /* Base */,
			);
			name = Main.storyboard;
			sourceTree = "<group>";
		};
		767700A326808ACF002B5383 /* LaunchScreen.storyboard */ = {
			isa = PBXVariantGroup;
			children = (
				767700A426808ACF002B5383 /* Base */,
			);
			name = LaunchScreen.storyboard;
			sourceTree = "<group>";
		};
/* End PBXVariantGroup section */

/* Begin XCBuildConfiguration section */
		767700A726808ACF002B5383 /* Debug */ = {
			isa = XCBuildConfiguration;
			buildSettings = {
				ALWAYS_SEARCH_USER_PATHS = NO;
				CLANG_ANALYZER_NONNULL = YES;
				CLANG_ANALYZER_NUMBER_OBJECT_CONVERSION = YES_AGGRESSIVE;
				CLANG_CXX_LANGUAGE_STANDARD = "gnu++14";
				CLANG_CXX_LIBRARY = "libc++";
				CLANG_ENABLE_MODULES = YES;
				CLANG_ENABLE_OBJC_ARC = YES;
				CLANG_ENABLE_OBJC_WEAK = YES;
				CLANG_WARN_BLOCK_CAPTURE_AUTORELEASING = YES;
				CLANG_WARN_BOOL_CONVERSION = YES;
				CLANG_WARN_COMMA = YES;
				CLANG_WARN_CONSTANT_CONVERSION = YES;
				CLANG_WARN_DEPRECATED_OBJC_IMPLEMENTATIONS = YES;
				CLANG_WARN_DIRECT_OBJC_ISA_USAGE = YES_ERROR;
				CLANG_WARN_DOCUMENTATION_COMMENTS = YES;
				CLANG_WARN_EMPTY_BODY = YES;
				CLANG_WARN_ENUM_CONVERSION = YES;
				CLANG_WARN_INFINITE_RECURSION = YES;
				CLANG_WARN_INT_CONVERSION = YES;
				CLANG_WARN_NON_LITERAL_NULL_CONVERSION = YES;
				CLANG_WARN_OBJC_IMPLICIT_RETAIN_SELF = YES;
				CLANG_WARN_OBJC_LITERAL_CONVERSION = YES;
				CLANG_WARN_OBJC_ROOT_CLASS = YES_ERROR;
				CLANG_WARN_QUOTED_INCLUDE_IN_FRAMEWORK_HEADER = YES;
				CLANG_WARN_RANGE_LOOP_ANALYSIS = YES;
				CLANG_WARN_STRICT_PROTOTYPES = YES;
				CLANG_WARN_SUSPICIOUS_MOVE = YES;
				CLANG_WARN_UNGUARDED_AVAILABILITY = YES_AGGRESSIVE;
				CLANG_WARN_UNREACHABLE_CODE = YES;
				CLANG_WARN__DUPLICATE_METHOD_MATCH = YES;
				COPY_PHASE_STRIP = NO;
				DEBUG_INFORMATION_FORMAT = dwarf;
				ENABLE_STRICT_OBJC_MSGSEND = YES;
				ENABLE_TESTABILITY = YES;
				GCC_C_LANGUAGE_STANDARD = gnu11;
				GCC_DYNAMIC_NO_PIC = NO;
				GCC_NO_COMMON_BLOCKS = YES;
				GCC_OPTIMIZATION_LEVEL = 0;
				GCC_PREPROCESSOR_DEFINITIONS = (
					"DEBUG=1",
					"$(inherited)",
				);
				GCC_WARN_64_TO_32_BIT_CONVERSION = YES;
				GCC_WARN_ABOUT_RETURN_TYPE = YES_ERROR;
				GCC_WARN_UNDECLARED_SELECTOR = YES;
				GCC_WARN_UNINITIALIZED_AUTOS = YES_AGGRESSIVE;
				GCC_WARN_UNUSED_FUNCTION = YES;
				GCC_WARN_UNUSED_VARIABLE = YES;
				IPHONEOS_DEPLOYMENT_TARGET = 14.5;
				MTL_ENABLE_DEBUG_INFO = INCLUDE_SOURCE;
				MTL_FAST_MATH = YES;
				ONLY_ACTIVE_ARCH = YES;
				SDKROOT = iphoneos;
				SWIFT_ACTIVE_COMPILATION_CONDITIONS = DEBUG;
				SWIFT_OPTIMIZATION_LEVEL = "-Onone";
			};
			name = Debug;
		};
		767700A826808ACF002B5383 /* Release */ = {
			isa = XCBuildConfiguration;
			buildSettings = {
				ALWAYS_SEARCH_USER_PATHS = NO;
				CLANG_ANALYZER_NONNULL = YES;
				CLANG_ANALYZER_NUMBER_OBJECT_CONVERSION = YES_AGGRESSIVE;
				CLANG_CXX_LANGUAGE_STANDARD = "gnu++14";
				CLANG_CXX_LIBRARY = "libc++";
				CLANG_ENABLE_MODULES = YES;
				CLANG_ENABLE_OBJC_ARC = YES;
				CLANG_ENABLE_OBJC_WEAK = YES;
				CLANG_WARN_BLOCK_CAPTURE_AUTORELEASING = YES;
				CLANG_WARN_BOOL_CONVERSION = YES;
				CLANG_WARN_COMMA = YES;
				CLANG_WARN_CONSTANT_CONVERSION = YES;
				CLANG_WARN_DEPRECATED_OBJC_IMPLEMENTATIONS = YES;
				CLANG_WARN_DIRECT_OBJC_ISA_USAGE = YES_ERROR;
				CLANG_WARN_DOCUMENTATION_COMMENTS = YES;
				CLANG_WARN_EMPTY_BODY = YES;
				CLANG_WARN_ENUM_CONVERSION = YES;
				CLANG_WARN_INFINITE_RECURSION = YES;
				CLANG_WARN_INT_CONVERSION = YES;
				CLANG_WARN_NON_LITERAL_NULL_CONVERSION = YES;
				CLANG_WARN_OBJC_IMPLICIT_RETAIN_SELF = YES;
				CLANG_WARN_OBJC_LITERAL_CONVERSION = YES;
				CLANG_WARN_OBJC_ROOT_CLASS = YES_ERROR;
				CLANG_WARN_QUOTED_INCLUDE_IN_FRAMEWORK_HEADER = YES;
				CLANG_WARN_RANGE_LOOP_ANALYSIS = YES;
				CLANG_WARN_STRICT_PROTOTYPES = YES;
				CLANG_WARN_SUSPICIOUS_MOVE = YES;
				CLANG_WARN_UNGUARDED_AVAILABILITY = YES_AGGRESSIVE;
				CLANG_WARN_UNREACHABLE_CODE = YES;
				CLANG_WARN__DUPLICATE_METHOD_MATCH = YES;
				COPY_PHASE_STRIP = NO;
				DEBUG_INFORMATION_FORMAT = "dwarf-with-dsym";
				ENABLE_NS_ASSERTIONS = NO;
				ENABLE_STRICT_OBJC_MSGSEND = YES;
				GCC_C_LANGUAGE_STANDARD = gnu11;
				GCC_NO_COMMON_BLOCKS = YES;
				GCC_WARN_64_TO_32_BIT_CONVERSION = YES;
				GCC_WARN_ABOUT_RETURN_TYPE = YES_ERROR;
				GCC_WARN_UNDECLARED_SELECTOR = YES;
				GCC_WARN_UNINITIALIZED_AUTOS = YES_AGGRESSIVE;
				GCC_WARN_UNUSED_FUNCTION = YES;
				GCC_WARN_UNUSED_VARIABLE = YES;
				IPHONEOS_DEPLOYMENT_TARGET = 14.5;
				MTL_ENABLE_DEBUG_INFO = NO;
				MTL_FAST_MATH = YES;
				SDKROOT = iphoneos;
				SWIFT_COMPILATION_MODE = wholemodule;
				SWIFT_OPTIMIZATION_LEVEL = "-O";
				VALIDATE_PRODUCT = YES;
			};
			name = Release;
		};
		767700AA26808ACF002B5383 /* Debug */ = {
			isa = XCBuildConfiguration;
			baseConfigurationReference = 940F6438D815E96D681104BD /* Pods-ProjectWeidlinger.debug.xcconfig */;
			buildSettings = {
				ASSETCATALOG_COMPILER_APPICON_NAME = AppIcon;
				ASSETCATALOG_COMPILER_GLOBAL_ACCENT_COLOR_NAME = AccentColor;
				CODE_SIGN_STYLE = Automatic;
				DEVELOPMENT_TEAM = 6Y7RD72S95;
				INFOPLIST_FILE = ProjectWeidlinger/Info.plist;
				LD_RUNPATH_SEARCH_PATHS = (
					"$(inherited)",
					"@executable_path/Frameworks",
				);
				PRODUCT_BUNDLE_IDENTIFIER = com.weidlinger.ProjectWeidlinger;
				PRODUCT_NAME = "$(TARGET_NAME)";
				SWIFT_VERSION = 5.0;
				TARGETED_DEVICE_FAMILY = "1,2";
			};
			name = Debug;
		};
		767700AB26808ACF002B5383 /* Release */ = {
			isa = XCBuildConfiguration;
			baseConfigurationReference = 48E5F964A46BE58C79F2137C /* Pods-ProjectWeidlinger.release.xcconfig */;
			buildSettings = {
				ASSETCATALOG_COMPILER_APPICON_NAME = AppIcon;
				ASSETCATALOG_COMPILER_GLOBAL_ACCENT_COLOR_NAME = AccentColor;
				CODE_SIGN_STYLE = Automatic;
				DEVELOPMENT_TEAM = 6Y7RD72S95;
				INFOPLIST_FILE = ProjectWeidlinger/Info.plist;
				LD_RUNPATH_SEARCH_PATHS = (
					"$(inherited)",
					"@executable_path/Frameworks",
				);
				PRODUCT_BUNDLE_IDENTIFIER = com.weidlinger.ProjectWeidlinger;
				PRODUCT_NAME = "$(TARGET_NAME)";
				SWIFT_VERSION = 5.0;
				TARGETED_DEVICE_FAMILY = "1,2";
			};
			name = Release;
		};
/* End XCBuildConfiguration section */

/* Begin XCConfigurationList section */
		7677009026808ACE002B5383 /* Build configuration list for PBXProject "ProjectWeidlinger" */ = {
			isa = XCConfigurationList;
			buildConfigurations = (
				767700A726808ACF002B5383 /* Debug */,
				767700A826808ACF002B5383 /* Release */,
			);
			defaultConfigurationIsVisible = 0;
			defaultConfigurationName = Release;
		};
		767700A926808ACF002B5383 /* Build configuration list for PBXNativeTarget "ProjectWeidlinger" */ = {
			isa = XCConfigurationList;
			buildConfigurations = (
				767700AA26808ACF002B5383 /* Debug */,
				767700AB26808ACF002B5383 /* Release */,
			);
			defaultConfigurationIsVisible = 0;
			defaultConfigurationName = Release;
		};
/* End XCConfigurationList section */
	};
	rootObject = 7677008D26808ACE002B5383 /* Project object */;
}
